
Microsoft Visual Studio Solution File, Format Version 12.00
# Visual Studio Version 17
VisualStudioVersion = 17.14.36414.22 d17.14
MinimumVisualStudioVersion = 10.0.40219.1
Project("{8BC9CEB8-8B4A-11D0-8D11-00A0C91BC942}") = "006test_xvideo_view", "006test_xvideo_view.vcxproj", "{2A5BE7BB-B053-4E9A-BA9F-28D6BF833324}"
EndProject
Global
	GlobalSection(SolutionConfigurationPlatforms) = preSolution
		Debug|x86 = Debug|x86
		Release|x86 = Release|x86
	EndGlobalSection
	GlobalSection(ProjectConfigurationPlatforms) = postSolution
		{2A5BE7BB-B053-4E9A-BA9F-28D6BF833324}.Debug|x86.ActiveCfg = Debug|Win32
		{2A5BE7BB-B053-4E9A-BA9F-28D6BF833324}.Debug|x86.Build.0 = Debug|Win32
		{2A5BE7BB-B053-4E9A-BA9F-28D6BF833324}.Release|x86.ActiveCfg = Release|Win32
		{2A5BE7BB-B053-4E9A-BA9F-28D6BF833324}.Release|x86.Build.0 = Release|Win32
	EndGlobalSection
	GlobalSection(SolutionProperties) = preSolution
		HideSolutionNode = FALSE
	EndGlobalSection
	GlobalSection(ExtensibilityGlobals) = postSolution
		SolutionGuid = {6BFD054E-9F39-433C-8373-D49497B93CFF}
	EndGlobalSection
EndGlobal
